// !$*UTF8*$!
{
	archiveVersion = 1;
	classes = {
	};
	objectVersion = 46;
	objects = {

/* Begin PBXBuildFile section */
		F469929E1AF7607B00D50E62 /* AppDelegate.swift in Sources */ = {isa = PBXBuildFile; fileRef = F469929D1AF7607B00D50E62 /* AppDelegate.swift */; };
		F46992A01AF7607B00D50E62 /* ViewController.swift in Sources */ = {isa = PBXBuildFile; fileRef = F469929F1AF7607B00D50E62 /* ViewController.swift */; };
		F46992A31AF7607B00D50E62 /* Main.storyboard in Resources */ = {isa = PBXBuildFile; fileRef = F46992A11AF7607B00D50E62 /* Main.storyboard */; };
		F46992A51AF7607B00D50E62 /* Images.xcassets in Resources */ = {isa = PBXBuildFile; fileRef = F46992A41AF7607B00D50E62 /* Images.xcassets */; };
		F46992A81AF7607B00D50E62 /* LaunchScreen.xib in Resources */ = {isa = PBXBuildFile; fileRef = F46992A61AF7607B00D50E62 /* LaunchScreen.xib */; };
		F46992B41AF7607B00D50E62 /* TrackPlotterTests.swift in Sources */ = {isa = PBXBuildFile; fileRef = F46992B31AF7607B00D50E62 /* TrackPlotterTests.swift */; };
/* End PBXBuildFile section */

/* Begin PBXContainerItemProxy section */
		F46992AE1AF7607B00D50E62 /* PBXContainerItemProxy */ = {
			isa = PBXContainerItemProxy;
			containerPortal = F46992901AF7607B00D50E62 /* Project object */;
			proxyType = 1;
			remoteGlobalIDString = F46992971AF7607B00D50E62;
			remoteInfo = TrackPlotter;
		};
/* End PBXContainerItemProxy section */

/* Begin PBXFileReference section */
		F46992981AF7607B00D50E62 /* TrackPlotter.app */ = {isa = PBXFileReference; explicitFileType = wrapper.application; includeInIndex = 0; path = TrackPlotter.app; sourceTree = BUILT_PRODUCTS_DIR; };
		F469929C1AF7607B00D50E62 /* Info.plist */ = {isa = PBXFileReference; lastKnownFileType = text.plist.xml; path = Info.plist; sourceTree = "<group>"; };
		F469929D1AF7607B00D50E62 /* AppDelegate.swift */ = {isa = PBXFileReference; lastKnownFileType = sourcecode.swift; path = AppDelegate.swift; sourceTree = "<group>"; };
		F469929F1AF7607B00D50E62 /* ViewController.swift */ = {isa = PBXFileReference; lastKnownFileType = sourcecode.swift; path = ViewController.swift; sourceTree = "<group>"; };
		F46992A21AF7607B00D50E62 /* Base */ = {isa = PBXFileReference; lastKnownFileType = file.storyboard; name = Base; path = Base.lproj/Main.storyboard; sourceTree = "<group>"; };
		F46992A41AF7607B00D50E62 /* Images.xcassets */ = {isa = PBXFileReference; lastKnownFileType = folder.assetcatalog; path = Images.xcassets; sourceTree = "<group>"; };
		F46992A71AF7607B00D50E62 /* Base */ = {isa = PBXFileReference; lastKnownFileType = file.xib; name = Base; path = Base.lproj/LaunchScreen.xib; sourceTree = "<group>"; };
		F46992AD1AF7607B00D50E62 /* TrackPlotterTests.xctest */ = {isa = PBXFileReference; explicitFileType = wrapper.cfbundle; includeInIndex = 0; path = TrackPlotterTests.xctest; sourceTree = BUILT_PRODUCTS_DIR; };
		F46992B21AF7607B00D50E62 /* Info.plist */ = {isa = PBXFileReference; lastKnownFileType = text.plist.xml; path = Info.plist; sourceTree = "<group>"; };
		F46992B31AF7607B00D50E62 /* TrackPlotterTests.swift */ = {isa = PBXFileReference; lastKnownFileType = sourcecode.swift; path = TrackPlotterTests.swift; sourceTree = "<group>"; };
/* End PBXFileReference section */

/* Begin PBXFrameworksBuildPhase section */
		F46992951AF7607B00D50E62 /* Frameworks */ = {
			isa = PBXFrameworksBuildPhase;
			buildActionMask = 2147483647;
			files = (
			);
			runOnlyForDeploymentPostprocessing = 0;
		};
		F46992AA1AF7607B00D50E62 /* Frameworks */ = {
			isa = PBXFrameworksBuildPhase;
			buildActionMask = 2147483647;
			files = (
			);
			runOnlyForDeploymentPostprocessing = 0;
		};
/* End PBXFrameworksBuildPhase section */

/* Begin PBXGroup section */
		F469928F1AF7607B00D50E62 = {
			isa = PBXGroup;
			children = (
				F469929A1AF7607B00D50E62 /* TrackPlotter */,
				F46992B01AF7607B00D50E62 /* TrackPlotterTests */,
				F46992991AF7607B00D50E62 /* Products */,
			);
			sourceTree = "<group>";
		};
		F46992991AF7607B00D50E62 /* Products */ = {
			isa = PBXGroup;
			children = (
				F46992981AF7607B00D50E62 /* TrackPlotter.app */,
				F46992AD1AF7607B00D50E62 /* TrackPlotterTests.xctest */,
			);
			name = Products;
			sourceTree = "<group>";
		};
		F469929A1AF7607B00D50E62 /* TrackPlotter */ = {
			isa = PBXGroup;
			children = (
				F469929D1AF7607B00D50E62 /* AppDelegate.swift */,
				F469929F1AF7607B00D50E62 /* ViewController.swift */,
				F46992A11AF7607B00D50E62 /* Main.storyboard */,
				F46992A41AF7607B00D50E62 /* Images.xcassets */,
				F46992A61AF7607B00D50E62 /* LaunchScreen.xib */,
				F469929B1AF7607B00D50E62 /* Supporting Files */,
			);
			path = TrackPlotter;
			sourceTree = "<group>";
		};
		F469929B1AF7607B00D50E62 /* Supporting Files */ = {
			isa = PBXGroup;
			children = (
				F469929C1AF7607B00D50E62 /* Info.plist */,
			);
			name = "Supporting Files";
			sourceTree = "<group>";
		};
		F46992B01AF7607B00D50E62 /* TrackPlotterTests */ = {
			isa = PBXGroup;
			children = (
				F46992B31AF7607B00D50E62 /* TrackPlotterTests.swift */,
				F46992B11AF7607B00D50E62 /* Supporting Files */,
			);
			path = TrackPlotterTests;
			sourceTree = "<group>";
		};
		F46992B11AF7607B00D50E62 /* Supporting Files */ = {
			isa = PBXGroup;
			children = (
				F46992B21AF7607B00D50E62 /* Info.plist */,
			);
			name = "Supporting Files";
			sourceTree = "<group>";
		};
/* End PBXGroup section */

/* Begin PBXNativeTarget section */
		F46992971AF7607B00D50E62 /* TrackPlotter */ = {
			isa = PBXNativeTarget;
			buildConfigurationList = F46992B71AF7607B00D50E62 /* Build configuration list for PBXNativeTarget "TrackPlotter" */;
			buildPhases = (
				F46992941AF7607B00D50E62 /* Sources */,
				F46992951AF7607B00D50E62 /* Frameworks */,
				F46992961AF7607B00D50E62 /* Resources */,
			);
			buildRules = (
			);
			dependencies = (
			);
			name = TrackPlotter;
			productName = TrackPlotter;
			productReference = F46992981AF7607B00D50E62 /* TrackPlotter.app */;
			productType = "com.apple.product-type.application";
		};
		F46992AC1AF7607B00D50E62 /* TrackPlotterTests */ = {
			isa = PBXNativeTarget;
			buildConfigurationList = F46992BA1AF7607B00D50E62 /* Build configuration list for PBXNativeTarget "TrackPlotterTests" */;
			buildPhases = (
				F46992A91AF7607B00D50E62 /* Sources */,
				F46992AA1AF7607B00D50E62 /* Frameworks */,
				F46992AB1AF7607B00D50E62 /* Resources */,
			);
			buildRules = (
			);
			dependencies = (
				F46992AF1AF7607B00D50E62 /* PBXTargetDependency */,
			);
			name = TrackPlotterTests;
			productName = TrackPlotterTests;
			productReference = F46992AD1AF7607B00D50E62 /* TrackPlotterTests.xctest */;
			productType = "com.apple.product-type.bundle.unit-test";
		};
/* End PBXNativeTarget section */

/* Begin PBXProject section */
		F46992901AF7607B00D50E62 /* Project object */ = {
			isa = PBXProject;
			attributes = {
				LastUpgradeCheck = 0630;
				ORGANIZATIONNAME = "Sihao Lu";
				TargetAttributes = {
					F46992971AF7607B00D50E62 = {
						CreatedOnToolsVersion = 6.3.1;
					};
					F46992AC1AF7607B00D50E62 = {
						CreatedOnToolsVersion = 6.3.1;
						TestTargetID = F46992971AF7607B00D50E62;
					};
				};
			};
			buildConfigurationList = F46992931AF7607B00D50E62 /* Build configuration list for PBXProject "TrackPlotter" */;
			compatibilityVersion = "Xcode 3.2";
			developmentRegion = English;
			hasScannedForEncodings = 0;
			knownRegions = (
				en,
				Base,
			);
			mainGroup = F469928F1AF7607B00D50E62;
			productRefGroup = F46992991AF7607B00D50E62 /* Products */;
			projectDirPath = "";
			projectRoot = "";
			targets = (
				F46992971AF7607B00D50E62 /* TrackPlotter */,
				F46992AC1AF7607B00D50E62 /* TrackPlotterTests */,
			);
		};
/* End PBXProject section */

/* Begin PBXResourcesBuildPhase section */
		F46992961AF7607B00D50E62 /* Resources */ = {
			isa = PBXResourcesBuildPhase;
			buildActionMask = 2147483647;
			files = (
				F46992A31AF7607B00D50E62 /* Main.storyboard in Resources */,
				F46992A81AF7607B00D50E62 /* LaunchScreen.xib in Resources */,
				F46992A51AF7607B00D50E62 /* Images.xcassets in Resources */,
			);
			runOnlyForDeploymentPostprocessing = 0;
		};
		F46992AB1AF7607B00D50E62 /* Resources */ = {
			isa = PBXResourcesBuildPhase;
			buildActionMask = 2147483647;
			files = (
			);
			runOnlyForDeploymentPostprocessing = 0;
		};
/* End PBXResourcesBuildPhase section */

/* Begin PBXSourcesBuildPhase section */
		F46992941AF7607B00D50E62 /* Sources */ = {
			isa = PBXSourcesBuildPhase;
			buildActionMask = 2147483647;
			files = (
				F46992A01AF7607B00D50E62 /* ViewController.swift in Sources */,
				F469929E1AF7607B00D50E62 /* AppDelegate.swift in Sources */,
			);
			runOnlyForDeploymentPostprocessing = 0;
		};
		F46992A91AF7607B00D50E62 /* Sources */ = {
			isa = PBXSourcesBuildPhase;
			buildActionMask = 2147483647;
			files = (
				F46992B41AF7607B00D50E62 /* TrackPlotterTests.swift in Sources */,
			);
			runOnlyForDeploymentPostprocessing = 0;
		};
/* End PBXSourcesBuildPhase section */

/* Begin PBXTargetDependency section */
		F46992AF1AF7607B00D50E62 /* PBXTargetDependency */ = {
			isa = PBXTargetDependency;
			target = F46992971AF7607B00D50E62 /* TrackPlotter */;
			targetProxy = F46992AE1AF7607B00D50E62 /* PBXContainerItemProxy */;
		};
/* End PBXTargetDependency section */

/* Begin PBXVariantGroup section */
		F46992A11AF7607B00D50E62 /* Main.storyboard */ = {
			isa = PBXVariantGroup;
			children = (
				F46992A21AF7607B00D50E62 /* Base */,
			);
			name = Main.storyboard;
			sourceTree = "<group>";
		};
		F46992A61AF7607B00D50E62 /* LaunchScreen.xib */ = {
			isa = PBXVariantGroup;
			children = (
				F46992A71AF7607B00D50E62 /* Base */,
			);
			name = LaunchScreen.xib;
			sourceTree = "<group>";
		};
/* End PBXVariantGroup section */

/* Begin XCBuildConfiguration section */
		F46992B51AF7607B00D50E62 /* Debug */ = {
			isa = XCBuildConfiguration;
			buildSettings = {
				ALWAYS_SEARCH_USER_PATHS = NO;
				CLANG_CXX_LANGUAGE_STANDARD = "gnu++0x";
				CLANG_CXX_LIBRARY = "libc++";
				CLANG_ENABLE_MODULES = YES;
				CLANG_ENABLE_OBJC_ARC = YES;
				CLANG_WARN_BOOL_CONVERSION = YES;
				CLANG_WARN_CONSTANT_CONVERSION = YES;
				CLANG_WARN_DIRECT_OBJC_ISA_USAGE = YES_ERROR;
				CLANG_WARN_EMPTY_BODY = YES;
				CLANG_WARN_ENUM_CONVERSION = YES;
				CLANG_WARN_INT_CONVERSION = YES;
				CLANG_WARN_OBJC_ROOT_CLASS = YES_ERROR;
				CLANG_WARN_UNREACHABLE_CODE = YES;
				CLANG_WARN__DUPLICATE_METHOD_MATCH = YES;
				"CODE_SIGN_IDENTITY[sdk=iphoneos*]" = "iPhone Developer";
				COPY_PHASE_STRIP = NO;
				DEBUG_INFORMATION_FORMAT = "dwarf-with-dsym";
				ENABLE_STRICT_OBJC_MSGSEND = YES;
				GCC_C_LANGUAGE_STANDARD = gnu99;
				GCC_DYNAMIC_NO_PIC = NO;
				GCC_NO_COMMON_BLOCKS = YES;
				GCC_OPTIMIZATION_LEVEL = 0;
				GCC_PREPROCESSOR_DEFINITIONS = (
					"DEBUG=1",
					"$(inherited)",
				);
				GCC_SYMBOLS_PRIVATE_EXTERN = NO;
				GCC_WARN_64_TO_32_BIT_CONVERSION = YES;
				GCC_WARN_ABOUT_RETURN_TYPE = YES_ERROR;
				GCC_WARN_UNDECLARED_SELECTOR = YES;
				GCC_WARN_UNINITIALIZED_AUTOS = YES_AGGRESSIVE;
				GCC_WARN_UNUSED_FUNCTION = YES;
				GCC_WARN_UNUSED_VARIABLE = YES;
				IPHONEOS_DEPLOYMENT_TARGET = 8.3;
				MTL_ENABLE_DEBUG_INFO = YES;
				ONLY_ACTIVE_ARCH = YES;
				SDKROOT = iphoneos;
				SWIFT_OPTIMIZATION_LEVEL = "-Onone";
			};
			name = Debug;
		};
		F46992B61AF7607B00D50E62 /* Release */ = {
			isa = XCBuildConfiguration;
			buildSettings = {
				ALWAYS_SEARCH_USER_PATHS = NO;
				CLANG_CXX_LANGUAGE_STANDARD = "gnu++0x";
				CLANG_CXX_LIBRARY = "libc++";
				CLANG_ENABLE_MODULES = YES;
				CLANG_ENABLE_OBJC_ARC = YES;
				CLANG_WARN_BOOL_CONVERSION = YES;
				CLANG_WARN_CONSTANT_CONVERSION = YES;
				CLANG_WARN_DIRECT_OBJC_ISA_USAGE = YES_ERROR;
				CLANG_WARN_EMPTY_BODY = YES;
				CLANG_WARN_ENUM_CONVERSION = YES;
				CLANG_WARN_INT_CONVERSION = YES;
				CLANG_WARN_OBJC_ROOT_CLASS = YES_ERROR;
				CLANG_WARN_UNREACHABLE_CODE = YES;
				CLANG_WARN__DUPLICATE_METHOD_MATCH = YES;
				"CODE_SIGN_IDENTITY[sdk=iphoneos*]" = "iPhone Developer";
				COPY_PHASE_STRIP = NO;
				DEBUG_INFORMATION_FORMAT = "dwarf-with-dsym";
				ENABLE_NS_ASSERTIONS = NO;
				ENABLE_STRICT_OBJC_MSGSEND = YES;
				GCC_C_LANGUAGE_STANDARD = gnu99;
				GCC_NO_COMMON_BLOCKS = YES;
				GCC_WARN_64_TO_32_BIT_CONVERSION = YES;
				GCC_WARN_ABOUT_RETURN_TYPE = YES_ERROR;
				GCC_WARN_UNDECLARED_SELECTOR = YES;
				GCC_WARN_UNINITIALIZED_AUTOS = YES_AGGRESSIVE;
				GCC_WARN_UNUSED_FUNCTION = YES;
				GCC_WARN_UNUSED_VARIABLE = YES;
				IPHONEOS_DEPLOYMENT_TARGET = 8.3;
				MTL_ENABLE_DEBUG_INFO = NO;
				SDKROOT = iphoneos;
				VALIDATE_PRODUCT = YES;
			};
			name = Release;
		};
		F46992B81AF7607B00D50E62 /* Debug */ = {
			isa = XCBuildConfiguration;
			buildSettings = {
				ASSETCATALOG_COMPILER_APPICON_NAME = AppIcon;
				INFOPLIST_FILE = TrackPlotter/Info.plist;
				LD_RUNPATH_SEARCH_PATHS = "$(inherited) @executable_path/Frameworks";
				PRODUCT_NAME = "$(TARGET_NAME)";
			};
			name = Debug;
		};
		F46992B91AF7607B00D50E62 /* Release */ = {
			isa = XCBuildConfiguration;
			buildSettings = {
				ASSETCATALOG_COMPILER_APPICON_NAME = AppIcon;
				INFOPLIST_FILE = TrackPlotter/Info.plist;
				LD_RUNPATH_SEARCH_PATHS = "$(inherited) @executable_path/Frameworks";
				PRODUCT_NAME = "$(TARGET_NAME)";
			};
			name = Release;
		};
		F46992BB1AF7607B00D50E62 /* Debug */ = {
			isa = XCBuildConfiguration;
			buildSettings = {
				BUNDLE_LOADER = "$(TEST_HOST)";
				FRAMEWORK_SEARCH_PATHS = (
					"$(SDKROOT)/Developer/Library/Frameworks",
					"$(inherited)",
				);
				GCC_PREPROCESSOR_DEFINITIONS = (
					"DEBUG=1",
					"$(inherited)",
				);
				INFOPLIST_FILE = TrackPlotterTests/Info.plist;
				LD_RUNPATH_SEARCH_PATHS = "$(inherited) @executable_path/Frameworks @loader_path/Frameworks";
				PRODUCT_NAME = "$(TARGET_NAME)";
				TEST_HOST = "$(BUILT_PRODUCTS_DIR)/TrackPlotter.app/TrackPlotter";
			};
			name = Debug;
		};
		F46992BC1AF7607B00D50E62 /* Release */ = {
			isa = XCBuildConfiguration;
			buildSettings = {
				BUNDLE_LOADER = "$(TEST_HOST)";
				FRAMEWORK_SEARCH_PATHS = (
					"$(SDKROOT)/Developer/Library/Frameworks",
					"$(inherited)",
				);
				INFOPLIST_FILE = TrackPlotterTests/Info.plist;
				LD_RUNPATH_SEARCH_PATHS = "$(inherited) @executable_path/Frameworks @loader_path/Frameworks";
				PRODUCT_NAME = "$(TARGET_NAME)";
				TEST_HOST = "$(BUILT_PRODUCTS_DIR)/TrackPlotter.app/TrackPlotter";
			};
			name = Release;
		};
/* End XCBuildConfiguration section */

/* Begin XCConfigurationList section */
		F46992931AF7607B00D50E62 /* Build configuration list for PBXProject "TrackPlotter" */ = {
			isa = XCConfigurationList;
			buildConfigurations = (
				F46992B51AF7607B00D50E62 /* Debug */,
				F46992B61AF7607B00D50E62 /* Release */,
			);
			defaultConfigurationIsVisible = 0;
			defaultConfigurationName = Release;
		};
		F46992B71AF7607B00D50E62 /* Build configuration list for PBXNativeTarget "TrackPlotter" */ = {
			isa = XCConfigurationList;
			buildConfigurations = (
				F46992B81AF7607B00D50E62 /* Debug */,
				F46992B91AF7607B00D50E62 /* Release */,
			);
			defaultConfigurationIsVisible = 0;
		};
		F46992BA1AF7607B00D50E62 /* Build configuration list for PBXNativeTarget "TrackPlotterTests" */ = {
			isa = XCConfigurationList;
			buildConfigurations = (
				F46992BB1AF7607B00D50E62 /* Debug */,
				F46992BC1AF7607B00D50E62 /* Release */,
			);
			defaultConfigurationIsVisible = 0;
		};
/* End XCConfigurationList section */
	};
	rootObject = F46992901AF7607B00D50E62 /* Project object */;
}
